
Microsoft Visual Studio Solution File, Format Version 12.00
# Visual Studio 2013
VisualStudioVersion = 12.0.30501.0
MinimumVisualStudioVersion = 10.0.40219.1
Project("{FAE04EC0-301F-11D3-BF4B-00C04F79EFBC}") = "DarkReader", "DarkReader\DarkReader.csproj", "{A5FE3845-035E-4CF1-B74F-BF2C3DD860E3}"
EndProject
Global
	GlobalSection(SolutionConfigurationPlatforms) = preSolution
		Debug|Any CPU = Debug|Any CPU
		Release|Any CPU = Release|Any CPU
	EndGlobalSection
	GlobalSection(ProjectConfigurationPlatforms) = postSolution
		{A5FE3845-035E-4CF1-B74F-BF2C3DD860E3}.Debug|Any CPU.ActiveCfg = Debug|Any CPU
		{A5FE3845-035E-4CF1-B74F-BF2C3DD860E3}.Debug|Any CPU.Build.0 = Debug|Any CPU
		{A5FE3845-035E-4CF1-B74F-BF2C3DD860E3}.Release|Any CPU.ActiveCfg = Release|Any CPU
		{A5FE3845-035E-4CF1-B74F-BF2C3DD860E3}.Release|Any CPU.Build.0 = Release|Any CPU
	EndGlobalSection
	GlobalSection(SolutionProperties) = preSolution
		HideSolutionNode = FALSE
	EndGlobalSection
EndGlobal
